// !$*UTF8*$!
{
	archiveVersion = 1;
	classes = {
	};
	objectVersion = 46;
	objects = {

/* Begin PBXBuildFile section */
		11170CCD1F41E00F008A3F50 /* Login.storyboard in Resources */ = {isa = PBXBuildFile; fileRef = 11170CCC1F41E00F008A3F50 /* Login.storyboard */; };
		11170CD01F41E06B008A3F50 /* MainLoginViewController.swift in Sources */ = {isa = PBXBuildFile; fileRef = 11170CCF1F41E06B008A3F50 /* MainLoginViewController.swift */; };
		11170CD61F41E7A9008A3F50 /* Constants.swift in Sources */ = {isa = PBXBuildFile; fileRef = 11170CD51F41E7A9008A3F50 /* Constants.swift */; };
		1125C2A31F5083B3003AF453 /* Assets.xcassets in Resources */ = {isa = PBXBuildFile; fileRef = 1125C2A21F5083B3003AF453 /* Assets.xcassets */; };
		1125C2A51F508617003AF453 /* ForgotPassword.storyboard in Resources */ = {isa = PBXBuildFile; fileRef = 1125C2A41F508617003AF453 /* ForgotPassword.storyboard */; };
		1125C2A81F50864A003AF453 /* ForgotPasswordViewController.swift in Sources */ = {isa = PBXBuildFile; fileRef = 1125C2A71F50864A003AF453 /* ForgotPasswordViewController.swift */; };
		1126B9531F4C74E400962477 /* CompanyProfile.storyboard in Resources */ = {isa = PBXBuildFile; fileRef = 1126B9521F4C74E400962477 /* CompanyProfile.storyboard */; };
		1126B9551F4C76E900962477 /* CompanyProfileViewController.swift in Sources */ = {isa = PBXBuildFile; fileRef = 1126B9541F4C76E900962477 /* CompanyProfileViewController.swift */; };
		11357CEC1F4B07140026AF82 /* RegisterClient.storyboard in Resources */ = {isa = PBXBuildFile; fileRef = 11357CEB1F4B07140026AF82 /* RegisterClient.storyboard */; };
		11357CEE1F4B07320026AF82 /* RegisterCompany.storyboard in Resources */ = {isa = PBXBuildFile; fileRef = 11357CED1F4B07320026AF82 /* RegisterCompany.storyboard */; };
		1138FA4D1F559DB300536740 /* CompaniesListTableview.storyboard in Resources */ = {isa = PBXBuildFile; fileRef = 1138FA4C1F559DB300536740 /* CompaniesListTableview.storyboard */; };
		1138FA501F559E1100536740 /* CompaniesListTableViewController.swift in Sources */ = {isa = PBXBuildFile; fileRef = 1138FA4F1F559E1100536740 /* CompaniesListTableViewController.swift */; };
		113A75E91F57245B00FD9756 /* CompaniesListTableViewCell.swift in Sources */ = {isa = PBXBuildFile; fileRef = 113A75E81F57245B00FD9756 /* CompaniesListTableViewCell.swift */; };
		113A75EC1F599DA100FD9756 /* Advertising.swift in Sources */ = {isa = PBXBuildFile; fileRef = 113A75EB1F599DA100FD9756 /* Advertising.swift */; };
		1174E4541F41DBB20029921F /* GoogleService-Info.plist in Resources */ = {isa = PBXBuildFile; fileRef = 1174E4531F41DBB20029921F /* GoogleService-Info.plist */; };
		118209881F544718005116CE /* NewAdvertising.storyboard in Resources */ = {isa = PBXBuildFile; fileRef = 118209871F544718005116CE /* NewAdvertising.storyboard */; };
		1182098B1F544756005116CE /* NewAdvertisingViewController.swift in Sources */ = {isa = PBXBuildFile; fileRef = 1182098A1F544756005116CE /* NewAdvertisingViewController.swift */; };
		119A63471F4B0FA300BE8E32 /* RegisterClientViewController.swift in Sources */ = {isa = PBXBuildFile; fileRef = 119A63461F4B0FA300BE8E32 /* RegisterClientViewController.swift */; };
		119A63491F4B1B1900BE8E32 /* LoginClientViewController.swift in Sources */ = {isa = PBXBuildFile; fileRef = 119A63481F4B1B1900BE8E32 /* LoginClientViewController.swift */; };
		119A634B1F4B1B4000BE8E32 /* LoginCompanyViewController.swift in Sources */ = {isa = PBXBuildFile; fileRef = 119A634A1F4B1B4000BE8E32 /* LoginCompanyViewController.swift */; };
		119A634E1F4B1BF600BE8E32 /* Client.swift in Sources */ = {isa = PBXBuildFile; fileRef = 119A634D1F4B1BF600BE8E32 /* Client.swift */; };
		119A63501F4B1D0E00BE8E32 /* Company.swift in Sources */ = {isa = PBXBuildFile; fileRef = 119A634F1F4B1D0E00BE8E32 /* Company.swift */; };
		119A63521F4B20CA00BE8E32 /* RegisterCompanyViewController.swift in Sources */ = {isa = PBXBuildFile; fileRef = 119A63511F4B20CA00BE8E32 /* RegisterCompanyViewController.swift */; };
		11A6762C1F5061D500C2DBDF /* ClientTabBar.storyboard in Resources */ = {isa = PBXBuildFile; fileRef = 11A6762B1F5061D500C2DBDF /* ClientTabBar.storyboard */; };
		11A6762E1F5064E500C2DBDF /* CompanyTabBar.storyboard in Resources */ = {isa = PBXBuildFile; fileRef = 11A6762D1F5064E500C2DBDF /* CompanyTabBar.storyboard */; };
		11A676311F5066A200C2DBDF /* ClientTabbarViewController.swift in Sources */ = {isa = PBXBuildFile; fileRef = 11A676301F5066A200C2DBDF /* ClientTabbarViewController.swift */; };
		11A676331F5066B700C2DBDF /* CompanyTabbarViewController.swift in Sources */ = {isa = PBXBuildFile; fileRef = 11A676321F5066B700C2DBDF /* CompanyTabbarViewController.swift */; };
		11A676351F5069C600C2DBDF /* About.storyboard in Resources */ = {isa = PBXBuildFile; fileRef = 11A676341F5069C600C2DBDF /* About.storyboard */; };
		11A676381F5069F500C2DBDF /* AboutViewController.swift in Sources */ = {isa = PBXBuildFile; fileRef = 11A676371F5069F500C2DBDF /* AboutViewController.swift */; };
		11EDE8CC1F4C5585007020F3 /* ClientProfile.storyboard in Resources */ = {isa = PBXBuildFile; fileRef = 11EDE8CB1F4C5585007020F3 /* ClientProfile.storyboard */; };
		11EDE8CF1F4C5DC7007020F3 /* ClientProfileViewController.swift in Sources */ = {isa = PBXBuildFile; fileRef = 11EDE8CE1F4C5DC7007020F3 /* ClientProfileViewController.swift */; };
		11FE55681F6836250089ADE6 /* Main.storyboard in Resources */ = {isa = PBXBuildFile; fileRef = 11FE55671F6836250089ADE6 /* Main.storyboard */; };
		11FE556A1F6836520089ADE6 /* InitialViewController.swift in Sources */ = {isa = PBXBuildFile; fileRef = 11FE55691F6836520089ADE6 /* InitialViewController.swift */; };
		3DAF31EBFF72F07874815759 /* Pods_ProjetoMaoAberta.framework in Frameworks */ = {isa = PBXBuildFile; fileRef = B1877EBC42E2EC794AEC4F4B /* Pods_ProjetoMaoAberta.framework */; };
		E002ADF21F6601F1002CEE34 /* AdvertisingListTableView.storyboard in Resources */ = {isa = PBXBuildFile; fileRef = E002ADF11F6601F1002CEE34 /* AdvertisingListTableView.storyboard */; };
		E002ADF41F66162A002CEE34 /* CompanyViewController.swift in Sources */ = {isa = PBXBuildFile; fileRef = E002ADF31F66162A002CEE34 /* CompanyViewController.swift */; };
		E002ADF71F661788002CEE34 /* AdvertisingViewController.swift in Sources */ = {isa = PBXBuildFile; fileRef = E002ADF61F661788002CEE34 /* AdvertisingViewController.swift */; };
		E002ADF91F6617C9002CEE34 /* AdvertisingListTableViewCell.swift in Sources */ = {isa = PBXBuildFile; fileRef = E002ADF81F6617C9002CEE34 /* AdvertisingListTableViewCell.swift */; };
		E002ADFB1F6617F6002CEE34 /* AdvertisingListTableViewController.swift in Sources */ = {isa = PBXBuildFile; fileRef = E002ADFA1F6617F6002CEE34 /* AdvertisingListTableViewController.swift */; };
		E06C802E1F66203E002C9E96 /* MyAdvertisingsListTableView.storyboard in Resources */ = {isa = PBXBuildFile; fileRef = E06C802D1F66203E002C9E96 /* MyAdvertisingsListTableView.storyboard */; };
		E06C80311F662482002C9E96 /* MyAdvertisingLisTableViewController.swift in Sources */ = {isa = PBXBuildFile; fileRef = E06C80301F662482002C9E96 /* MyAdvertisingLisTableViewController.swift */; };
		E06C80331F6624A8002C9E96 /* MyAdvertisingListTableViewCell.swift in Sources */ = {isa = PBXBuildFile; fileRef = E06C80321F6624A8002C9E96 /* MyAdvertisingListTableViewCell.swift */; };
		E06C80351F6624B9002C9E96 /* MyAdvertisingViewController.swift in Sources */ = {isa = PBXBuildFile; fileRef = E06C80341F6624B9002C9E96 /* MyAdvertisingViewController.swift */; };
		E0A7461B1F4A544700FBC21A /* AppUtils.swift in Sources */ = {isa = PBXBuildFile; fileRef = E0A7461A1F4A544700FBC21A /* AppUtils.swift */; };
		E0B3095A1F41C2D400666BF4 /* AppDelegate.swift in Sources */ = {isa = PBXBuildFile; fileRef = E0B309591F41C2D400666BF4 /* AppDelegate.swift */; };
		E0B309641F41C2D400666BF4 /* LaunchScreen.storyboard in Resources */ = {isa = PBXBuildFile; fileRef = E0B309621F41C2D400666BF4 /* LaunchScreen.storyboard */; };
/* End PBXBuildFile section */

/* Begin PBXFileReference section */
		11170CCC1F41E00F008A3F50 /* Login.storyboard */ = {isa = PBXFileReference; fileEncoding = 4; lastKnownFileType = file.storyboard; path = Login.storyboard; sourceTree = "<group>"; };
		11170CCF1F41E06B008A3F50 /* MainLoginViewController.swift */ = {isa = PBXFileReference; fileEncoding = 4; lastKnownFileType = sourcecode.swift; path = MainLoginViewController.swift; sourceTree = "<group>"; };
		11170CD51F41E7A9008A3F50 /* Constants.swift */ = {isa = PBXFileReference; fileEncoding = 4; lastKnownFileType = sourcecode.swift; path = Constants.swift; sourceTree = "<group>"; };
		1125C2A21F5083B3003AF453 /* Assets.xcassets */ = {isa = PBXFileReference; lastKnownFileType = folder.assetcatalog; path = Assets.xcassets; sourceTree = "<group>"; };
		1125C2A41F508617003AF453 /* ForgotPassword.storyboard */ = {isa = PBXFileReference; fileEncoding = 4; lastKnownFileType = file.storyboard; path = ForgotPassword.storyboard; sourceTree = "<group>"; };
		1125C2A71F50864A003AF453 /* ForgotPasswordViewController.swift */ = {isa = PBXFileReference; fileEncoding = 4; lastKnownFileType = sourcecode.swift; path = ForgotPasswordViewController.swift; sourceTree = "<group>"; };
		1126B9521F4C74E400962477 /* CompanyProfile.storyboard */ = {isa = PBXFileReference; fileEncoding = 4; lastKnownFileType = file.storyboard; path = CompanyProfile.storyboard; sourceTree = "<group>"; };
		1126B9541F4C76E900962477 /* CompanyProfileViewController.swift */ = {isa = PBXFileReference; fileEncoding = 4; lastKnownFileType = sourcecode.swift; path = CompanyProfileViewController.swift; sourceTree = "<group>"; };
		11357CEB1F4B07140026AF82 /* RegisterClient.storyboard */ = {isa = PBXFileReference; fileEncoding = 4; lastKnownFileType = file.storyboard; path = RegisterClient.storyboard; sourceTree = "<group>"; };
		11357CED1F4B07320026AF82 /* RegisterCompany.storyboard */ = {isa = PBXFileReference; fileEncoding = 4; lastKnownFileType = file.storyboard; path = RegisterCompany.storyboard; sourceTree = "<group>"; };
		1138FA4C1F559DB300536740 /* CompaniesListTableview.storyboard */ = {isa = PBXFileReference; fileEncoding = 4; lastKnownFileType = file.storyboard; path = CompaniesListTableview.storyboard; sourceTree = "<group>"; };
		1138FA4F1F559E1100536740 /* CompaniesListTableViewController.swift */ = {isa = PBXFileReference; fileEncoding = 4; lastKnownFileType = sourcecode.swift; path = CompaniesListTableViewController.swift; sourceTree = "<group>"; };
		113A75E81F57245B00FD9756 /* CompaniesListTableViewCell.swift */ = {isa = PBXFileReference; fileEncoding = 4; lastKnownFileType = sourcecode.swift; path = CompaniesListTableViewCell.swift; sourceTree = "<group>"; };
		113A75EB1F599DA100FD9756 /* Advertising.swift */ = {isa = PBXFileReference; fileEncoding = 4; lastKnownFileType = sourcecode.swift; path = Advertising.swift; sourceTree = "<group>"; };
		1174E4531F41DBB20029921F /* GoogleService-Info.plist */ = {isa = PBXFileReference; fileEncoding = 4; lastKnownFileType = text.plist.xml; path = "GoogleService-Info.plist"; sourceTree = "<group>"; };
		118209871F544718005116CE /* NewAdvertising.storyboard */ = {isa = PBXFileReference; fileEncoding = 4; lastKnownFileType = file.storyboard; path = NewAdvertising.storyboard; sourceTree = "<group>"; };
		1182098A1F544756005116CE /* NewAdvertisingViewController.swift */ = {isa = PBXFileReference; fileEncoding = 4; lastKnownFileType = sourcecode.swift; path = NewAdvertisingViewController.swift; sourceTree = "<group>"; };
		119A63461F4B0FA300BE8E32 /* RegisterClientViewController.swift */ = {isa = PBXFileReference; fileEncoding = 4; lastKnownFileType = sourcecode.swift; path = RegisterClientViewController.swift; sourceTree = "<group>"; };
		119A63481F4B1B1900BE8E32 /* LoginClientViewController.swift */ = {isa = PBXFileReference; fileEncoding = 4; lastKnownFileType = sourcecode.swift; path = LoginClientViewController.swift; sourceTree = "<group>"; };
		119A634A1F4B1B4000BE8E32 /* LoginCompanyViewController.swift */ = {isa = PBXFileReference; fileEncoding = 4; lastKnownFileType = sourcecode.swift; path = LoginCompanyViewController.swift; sourceTree = "<group>"; };
		119A634D1F4B1BF600BE8E32 /* Client.swift */ = {isa = PBXFileReference; fileEncoding = 4; lastKnownFileType = sourcecode.swift; path = Client.swift; sourceTree = "<group>"; };
		119A634F1F4B1D0E00BE8E32 /* Company.swift */ = {isa = PBXFileReference; fileEncoding = 4; lastKnownFileType = sourcecode.swift; path = Company.swift; sourceTree = "<group>"; };
		119A63511F4B20CA00BE8E32 /* RegisterCompanyViewController.swift */ = {isa = PBXFileReference; fileEncoding = 4; lastKnownFileType = sourcecode.swift; path = RegisterCompanyViewController.swift; sourceTree = "<group>"; };
		11A6762B1F5061D500C2DBDF /* ClientTabBar.storyboard */ = {isa = PBXFileReference; fileEncoding = 4; lastKnownFileType = file.storyboard; path = ClientTabBar.storyboard; sourceTree = "<group>"; };
		11A6762D1F5064E500C2DBDF /* CompanyTabBar.storyboard */ = {isa = PBXFileReference; fileEncoding = 4; lastKnownFileType = file.storyboard; path = CompanyTabBar.storyboard; sourceTree = "<group>"; };
		11A676301F5066A200C2DBDF /* ClientTabbarViewController.swift */ = {isa = PBXFileReference; fileEncoding = 4; lastKnownFileType = sourcecode.swift; path = ClientTabbarViewController.swift; sourceTree = "<group>"; };
		11A676321F5066B700C2DBDF /* CompanyTabbarViewController.swift */ = {isa = PBXFileReference; fileEncoding = 4; lastKnownFileType = sourcecode.swift; path = CompanyTabbarViewController.swift; sourceTree = "<group>"; };
		11A676341F5069C600C2DBDF /* About.storyboard */ = {isa = PBXFileReference; fileEncoding = 4; lastKnownFileType = file.storyboard; path = About.storyboard; sourceTree = "<group>"; };
		11A676371F5069F500C2DBDF /* AboutViewController.swift */ = {isa = PBXFileReference; fileEncoding = 4; lastKnownFileType = sourcecode.swift; path = AboutViewController.swift; sourceTree = "<group>"; };
		11EDE8CB1F4C5585007020F3 /* ClientProfile.storyboard */ = {isa = PBXFileReference; fileEncoding = 4; lastKnownFileType = file.storyboard; path = ClientProfile.storyboard; sourceTree = "<group>"; };
		11EDE8CE1F4C5DC7007020F3 /* ClientProfileViewController.swift */ = {isa = PBXFileReference; fileEncoding = 4; lastKnownFileType = sourcecode.swift; path = ClientProfileViewController.swift; sourceTree = "<group>"; };
		11FE55671F6836250089ADE6 /* Main.storyboard */ = {isa = PBXFileReference; fileEncoding = 4; lastKnownFileType = file.storyboard; path = Main.storyboard; sourceTree = "<group>"; };
		11FE55691F6836520089ADE6 /* InitialViewController.swift */ = {isa = PBXFileReference; fileEncoding = 4; lastKnownFileType = sourcecode.swift; path = InitialViewController.swift; sourceTree = "<group>"; };
		51791B63F88F98CDE0D7B79C /* Pods-ProjetoMaoAberta.release.xcconfig */ = {isa = PBXFileReference; includeInIndex = 1; lastKnownFileType = text.xcconfig; name = "Pods-ProjetoMaoAberta.release.xcconfig"; path = "Pods/Target Support Files/Pods-ProjetoMaoAberta/Pods-ProjetoMaoAberta.release.xcconfig"; sourceTree = "<group>"; };
		7B4374DE0367C1AC5F3C72FA /* Pods-ProjetoMaoAberta.debug.xcconfig */ = {isa = PBXFileReference; includeInIndex = 1; lastKnownFileType = text.xcconfig; name = "Pods-ProjetoMaoAberta.debug.xcconfig"; path = "Pods/Target Support Files/Pods-ProjetoMaoAberta/Pods-ProjetoMaoAberta.debug.xcconfig"; sourceTree = "<group>"; };
		B1877EBC42E2EC794AEC4F4B /* Pods_ProjetoMaoAberta.framework */ = {isa = PBXFileReference; explicitFileType = wrapper.framework; includeInIndex = 0; path = Pods_ProjetoMaoAberta.framework; sourceTree = BUILT_PRODUCTS_DIR; };
		E002ADF11F6601F1002CEE34 /* AdvertisingListTableView.storyboard */ = {isa = PBXFileReference; fileEncoding = 4; lastKnownFileType = file.storyboard; path = AdvertisingListTableView.storyboard; sourceTree = "<group>"; };
		E002ADF31F66162A002CEE34 /* CompanyViewController.swift */ = {isa = PBXFileReference; fileEncoding = 4; lastKnownFileType = sourcecode.swift; path = CompanyViewController.swift; sourceTree = "<group>"; };
		E002ADF61F661788002CEE34 /* AdvertisingViewController.swift */ = {isa = PBXFileReference; fileEncoding = 4; lastKnownFileType = sourcecode.swift; path = AdvertisingViewController.swift; sourceTree = "<group>"; };
		E002ADF81F6617C9002CEE34 /* AdvertisingListTableViewCell.swift */ = {isa = PBXFileReference; fileEncoding = 4; lastKnownFileType = sourcecode.swift; path = AdvertisingListTableViewCell.swift; sourceTree = "<group>"; };
		E002ADFA1F6617F6002CEE34 /* AdvertisingListTableViewController.swift */ = {isa = PBXFileReference; fileEncoding = 4; lastKnownFileType = sourcecode.swift; path = AdvertisingListTableViewController.swift; sourceTree = "<group>"; };
		E06C802D1F66203E002C9E96 /* MyAdvertisingsListTableView.storyboard */ = {isa = PBXFileReference; fileEncoding = 4; lastKnownFileType = file.storyboard; path = MyAdvertisingsListTableView.storyboard; sourceTree = "<group>"; };
		E06C80301F662482002C9E96 /* MyAdvertisingLisTableViewController.swift */ = {isa = PBXFileReference; fileEncoding = 4; lastKnownFileType = sourcecode.swift; path = MyAdvertisingLisTableViewController.swift; sourceTree = "<group>"; };
		E06C80321F6624A8002C9E96 /* MyAdvertisingListTableViewCell.swift */ = {isa = PBXFileReference; fileEncoding = 4; lastKnownFileType = sourcecode.swift; path = MyAdvertisingListTableViewCell.swift; sourceTree = "<group>"; };
		E06C80341F6624B9002C9E96 /* MyAdvertisingViewController.swift */ = {isa = PBXFileReference; fileEncoding = 4; lastKnownFileType = sourcecode.swift; path = MyAdvertisingViewController.swift; sourceTree = "<group>"; };
		E0A7461A1F4A544700FBC21A /* AppUtils.swift */ = {isa = PBXFileReference; fileEncoding = 4; lastKnownFileType = sourcecode.swift; path = AppUtils.swift; sourceTree = "<group>"; };
		E0B309561F41C2D400666BF4 /* ProjetoMaoAberta.app */ = {isa = PBXFileReference; explicitFileType = wrapper.application; includeInIndex = 0; path = ProjetoMaoAberta.app; sourceTree = BUILT_PRODUCTS_DIR; };
		E0B309591F41C2D400666BF4 /* AppDelegate.swift */ = {isa = PBXFileReference; lastKnownFileType = sourcecode.swift; path = AppDelegate.swift; sourceTree = "<group>"; };
		E0B309631F41C2D400666BF4 /* Base */ = {isa = PBXFileReference; lastKnownFileType = file.storyboard; name = Base; path = Base.lproj/LaunchScreen.storyboard; sourceTree = "<group>"; };
		E0B309651F41C2D400666BF4 /* Info.plist */ = {isa = PBXFileReference; lastKnownFileType = text.plist.xml; path = Info.plist; sourceTree = "<group>"; };
/* End PBXFileReference section */

/* Begin PBXFrameworksBuildPhase section */
		E0B309531F41C2D400666BF4 /* Frameworks */ = {
			isa = PBXFrameworksBuildPhase;
			buildActionMask = 2147483647;
			files = (
				3DAF31EBFF72F07874815759 /* Pods_ProjetoMaoAberta.framework in Frameworks */,
			);
			runOnlyForDeploymentPostprocessing = 0;
		};
/* End PBXFrameworksBuildPhase section */

/* Begin PBXGroup section */
		11170CCB1F41DFEE008A3F50 /* UI */ = {
			isa = PBXGroup;
			children = (
				11FE55671F6836250089ADE6 /* Main.storyboard */,
				11170CCC1F41E00F008A3F50 /* Login.storyboard */,
				11A676341F5069C600C2DBDF /* About.storyboard */,
				1125C2A41F508617003AF453 /* ForgotPassword.storyboard */,
				11825E9A1F6ACD46003EC587 /* Tabbars */,
				118209851F544661005116CE /* Tableviews */,
				11A6762A1F50616500C2DBDF /* Company */,
				11A676291F50615800C2DBDF /* Client */,
			);
			name = UI;
			sourceTree = "<group>";
		};
		11170CCE1F41E03A008A3F50 /* Controllers */ = {
			isa = PBXGroup;
			children = (
				11A676371F5069F500C2DBDF /* AboutViewController.swift */,
				1125C2A71F50864A003AF453 /* ForgotPasswordViewController.swift */,
				11FE55691F6836520089ADE6 /* InitialViewController.swift */,
				11170CCF1F41E06B008A3F50 /* MainLoginViewController.swift */,
				11825E971F6ACC13003EC587 /* Client */,
				11825E961F6ACC08003EC587 /* Company */,
				11A6762F1F50666600C2DBDF /* TabBars */,
				11825E981F6ACC7A003EC587 /* TableCells */,
				11825E991F6ACCBC003EC587 /* TableViews */,
			);
			name = Controllers;
			sourceTree = "<group>";
		};
		11170CD11F41E6D6008A3F50 /* Utils */ = {
			isa = PBXGroup;
			children = (
				11170CD51F41E7A9008A3F50 /* Constants.swift */,
				E0A7461A1F4A544700FBC21A /* AppUtils.swift */,
			);
			name = Utils;
			sourceTree = "<group>";
		};
		118209851F544661005116CE /* Tableviews */ = {
			isa = PBXGroup;
			children = (
				1138FA4C1F559DB300536740 /* CompaniesListTableview.storyboard */,
				E002ADF11F6601F1002CEE34 /* AdvertisingListTableView.storyboard */,
				E06C802D1F66203E002C9E96 /* MyAdvertisingsListTableView.storyboard */,
			);
			name = Tableviews;
			sourceTree = "<group>";
		};
		11825E961F6ACC08003EC587 /* Company */ = {
			isa = PBXGroup;
			children = (
				E002ADF61F661788002CEE34 /* AdvertisingViewController.swift */,
				1126B9541F4C76E900962477 /* CompanyProfileViewController.swift */,
				E002ADF31F66162A002CEE34 /* CompanyViewController.swift */,
				119A634A1F4B1B4000BE8E32 /* LoginCompanyViewController.swift */,
				E06C80341F6624B9002C9E96 /* MyAdvertisingViewController.swift */,
				1182098A1F544756005116CE /* NewAdvertisingViewController.swift */,
				119A63511F4B20CA00BE8E32 /* RegisterCompanyViewController.swift */,
			);
			name = Company;
			sourceTree = "<group>";
		};
		11825E971F6ACC13003EC587 /* Client */ = {
			isa = PBXGroup;
			children = (
				11EDE8CE1F4C5DC7007020F3 /* ClientProfileViewController.swift */,
				119A63481F4B1B1900BE8E32 /* LoginClientViewController.swift */,
				119A63461F4B0FA300BE8E32 /* RegisterClientViewController.swift */,
			);
			name = Client;
			sourceTree = "<group>";
		};
		11825E981F6ACC7A003EC587 /* TableCells */ = {
			isa = PBXGroup;
			children = (
				E002ADF81F6617C9002CEE34 /* AdvertisingListTableViewCell.swift */,
				113A75E81F57245B00FD9756 /* CompaniesListTableViewCell.swift */,
				E06C80321F6624A8002C9E96 /* MyAdvertisingListTableViewCell.swift */,
			);
			name = TableCells;
			sourceTree = "<group>";
		};
		11825E991F6ACCBC003EC587 /* TableViews */ = {
			isa = PBXGroup;
			children = (
				E002ADFA1F6617F6002CEE34 /* AdvertisingListTableViewController.swift */,
				1138FA4F1F559E1100536740 /* CompaniesListTableViewController.swift */,
				E06C80301F662482002C9E96 /* MyAdvertisingLisTableViewController.swift */,
			);
			name = TableViews;
			sourceTree = "<group>";
		};
		11825E9A1F6ACD46003EC587 /* Tabbars */ = {
			isa = PBXGroup;
			children = (
				11A6762D1F5064E500C2DBDF /* CompanyTabBar.storyboard */,
				11A6762B1F5061D500C2DBDF /* ClientTabBar.storyboard */,
			);
			name = Tabbars;
			sourceTree = "<group>";
		};
		119A634C1F4B1BDE00BE8E32 /* Model */ = {
			isa = PBXGroup;
			children = (
				119A634D1F4B1BF600BE8E32 /* Client.swift */,
				119A634F1F4B1D0E00BE8E32 /* Company.swift */,
				113A75EB1F599DA100FD9756 /* Advertising.swift */,
			);
			name = Model;
			sourceTree = "<group>";
		};
		11A676291F50615800C2DBDF /* Client */ = {
			isa = PBXGroup;
			children = (
				11357CEB1F4B07140026AF82 /* RegisterClient.storyboard */,
				11EDE8CB1F4C5585007020F3 /* ClientProfile.storyboard */,
			);
			name = Client;
			sourceTree = "<group>";
		};
		11A6762A1F50616500C2DBDF /* Company */ = {
			isa = PBXGroup;
			children = (
				1126B9521F4C74E400962477 /* CompanyProfile.storyboard */,
				11357CED1F4B07320026AF82 /* RegisterCompany.storyboard */,
				118209871F544718005116CE /* NewAdvertising.storyboard */,
			);
			name = Company;
			sourceTree = "<group>";
		};
		11A6762F1F50666600C2DBDF /* TabBars */ = {
			isa = PBXGroup;
			children = (
				11A676301F5066A200C2DBDF /* ClientTabbarViewController.swift */,
				11A676321F5066B700C2DBDF /* CompanyTabbarViewController.swift */,
			);
			name = TabBars;
			sourceTree = "<group>";
		};
		71684512BC623FDD8698461F /* Pods */ = {
			isa = PBXGroup;
			children = (
				7B4374DE0367C1AC5F3C72FA /* Pods-ProjetoMaoAberta.debug.xcconfig */,
				51791B63F88F98CDE0D7B79C /* Pods-ProjetoMaoAberta.release.xcconfig */,
			);
			name = Pods;
			sourceTree = "<group>";
		};
		E0B3094D1F41C2D400666BF4 = {
			isa = PBXGroup;
			children = (
				E0B309581F41C2D400666BF4 /* ProjetoMaoAberta */,
				E0B309571F41C2D400666BF4 /* Products */,
				71684512BC623FDD8698461F /* Pods */,
				E859791F2992A706F3D18667 /* Frameworks */,
			);
			sourceTree = "<group>";
		};
		E0B309571F41C2D400666BF4 /* Products */ = {
			isa = PBXGroup;
			children = (
				E0B309561F41C2D400666BF4 /* ProjetoMaoAberta.app */,
			);
			name = Products;
			sourceTree = "<group>";
		};
		E0B309581F41C2D400666BF4 /* ProjetoMaoAberta */ = {
			isa = PBXGroup;
			children = (
				119A634C1F4B1BDE00BE8E32 /* Model */,
				11170CCE1F41E03A008A3F50 /* Controllers */,
				11170CCB1F41DFEE008A3F50 /* UI */,
				11170CD11F41E6D6008A3F50 /* Utils */,
				1174E4531F41DBB20029921F /* GoogleService-Info.plist */,
				E0B309651F41C2D400666BF4 /* Info.plist */,
				E0B309591F41C2D400666BF4 /* AppDelegate.swift */,
				1125C2A21F5083B3003AF453 /* Assets.xcassets */,
				E0B309621F41C2D400666BF4 /* LaunchScreen.storyboard */,
			);
			path = ProjetoMaoAberta;
			sourceTree = "<group>";
		};
		E859791F2992A706F3D18667 /* Frameworks */ = {
			isa = PBXGroup;
			children = (
				B1877EBC42E2EC794AEC4F4B /* Pods_ProjetoMaoAberta.framework */,
			);
			name = Frameworks;
			sourceTree = "<group>";
		};
/* End PBXGroup section */

/* Begin PBXNativeTarget section */
		E0B309551F41C2D400666BF4 /* ProjetoMaoAberta */ = {
			isa = PBXNativeTarget;
			buildConfigurationList = E0B309681F41C2D400666BF4 /* Build configuration list for PBXNativeTarget "ProjetoMaoAberta" */;
			buildPhases = (
				F969BE39F7D3CDF1E47767D4 /* [CP] Check Pods Manifest.lock */,
				E0B309521F41C2D400666BF4 /* Sources */,
				E0B309531F41C2D400666BF4 /* Frameworks */,
				E0B309541F41C2D400666BF4 /* Resources */,
				6FBC8E1CFFA94AA1A6D5F601 /* [CP] Embed Pods Frameworks */,
				CA03D23F0344053AA6A03053 /* [CP] Copy Pods Resources */,
			);
			buildRules = (
			);
			dependencies = (
			);
			name = ProjetoMaoAberta;
			productName = ProjetoMaoAberta;
			productReference = E0B309561F41C2D400666BF4 /* ProjetoMaoAberta.app */;
			productType = "com.apple.product-type.application";
		};
/* End PBXNativeTarget section */

/* Begin PBXProject section */
		E0B3094E1F41C2D400666BF4 /* Project object */ = {
			isa = PBXProject;
			attributes = {
				LastSwiftUpdateCheck = 0830;
				LastUpgradeCheck = 0830;
				ORGANIZATIONNAME = "Daniel Fernandes";
				TargetAttributes = {
					E0B309551F41C2D400666BF4 = {
						CreatedOnToolsVersion = 8.3.3;
						DevelopmentTeam = W5849F638E;
						ProvisioningStyle = Automatic;
					};
				};
			};
			buildConfigurationList = E0B309511F41C2D400666BF4 /* Build configuration list for PBXProject "ProjetoMaoAberta" */;
			compatibilityVersion = "Xcode 3.2";
			developmentRegion = English;
			hasScannedForEncodings = 0;
			knownRegions = (
				en,
				Base,
			);
			mainGroup = E0B3094D1F41C2D400666BF4;
			productRefGroup = E0B309571F41C2D400666BF4 /* Products */;
			projectDirPath = "";
			projectRoot = "";
			targets = (
				E0B309551F41C2D400666BF4 /* ProjetoMaoAberta */,
			);
		};
/* End PBXProject section */

/* Begin PBXResourcesBuildPhase section */
		E0B309541F41C2D400666BF4 /* Resources */ = {
			isa = PBXResourcesBuildPhase;
			buildActionMask = 2147483647;
			files = (
				1138FA4D1F559DB300536740 /* CompaniesListTableview.storyboard in Resources */,
				11A6762C1F5061D500C2DBDF /* ClientTabBar.storyboard in Resources */,
				1126B9531F4C74E400962477 /* CompanyProfile.storyboard in Resources */,
				1125C2A31F5083B3003AF453 /* Assets.xcassets in Resources */,
				E002ADF21F6601F1002CEE34 /* AdvertisingListTableView.storyboard in Resources */,
				E06C802E1F66203E002C9E96 /* MyAdvertisingsListTableView.storyboard in Resources */,
				11FE55681F6836250089ADE6 /* Main.storyboard in Resources */,
				11A6762E1F5064E500C2DBDF /* CompanyTabBar.storyboard in Resources */,
				1125C2A51F508617003AF453 /* ForgotPassword.storyboard in Resources */,
				118209881F544718005116CE /* NewAdvertising.storyboard in Resources */,
				E0B309641F41C2D400666BF4 /* LaunchScreen.storyboard in Resources */,
				1174E4541F41DBB20029921F /* GoogleService-Info.plist in Resources */,
				11357CEC1F4B07140026AF82 /* RegisterClient.storyboard in Resources */,
				11EDE8CC1F4C5585007020F3 /* ClientProfile.storyboard in Resources */,
				11357CEE1F4B07320026AF82 /* RegisterCompany.storyboard in Resources */,
				11170CCD1F41E00F008A3F50 /* Login.storyboard in Resources */,
				11A676351F5069C600C2DBDF /* About.storyboard in Resources */,
			);
			runOnlyForDeploymentPostprocessing = 0;
		};
/* End PBXResourcesBuildPhase section */

/* Begin PBXShellScriptBuildPhase section */
		6FBC8E1CFFA94AA1A6D5F601 /* [CP] Embed Pods Frameworks */ = {
			isa = PBXShellScriptBuildPhase;
			buildActionMask = 2147483647;
			files = (
			);
			inputPaths = (
				"${SRCROOT}/Pods/Target Support Files/Pods-ProjetoMaoAberta/Pods-ProjetoMaoAberta-frameworks.sh",
				"${BUILT_PRODUCTS_DIR}/GTMSessionFetcher/GTMSessionFetcher.framework",
				"${BUILT_PRODUCTS_DIR}/GoogleToolboxForMac/GoogleToolboxForMac.framework",
				"${BUILT_PRODUCTS_DIR}/leveldb-library/leveldb.framework",
				"${BUILT_PRODUCTS_DIR}/nanopb/nanopb.framework",
			);
			name = "[CP] Embed Pods Frameworks";
			outputPaths = (
				"${TARGET_BUILD_DIR}/${FRAMEWORKS_FOLDER_PATH}/GTMSessionFetcher.framework",
				"${TARGET_BUILD_DIR}/${FRAMEWORKS_FOLDER_PATH}/GoogleToolboxForMac.framework",
				"${TARGET_BUILD_DIR}/${FRAMEWORKS_FOLDER_PATH}/leveldb.framework",
				"${TARGET_BUILD_DIR}/${FRAMEWORKS_FOLDER_PATH}/nanopb.framework",
			);
			runOnlyForDeploymentPostprocessing = 0;
			shellPath = /bin/sh;
			shellScript = "\"${SRCROOT}/Pods/Target Support Files/Pods-ProjetoMaoAberta/Pods-ProjetoMaoAberta-frameworks.sh\"\n";
			showEnvVarsInLog = 0;
		};
		CA03D23F0344053AA6A03053 /* [CP] Copy Pods Resources */ = {
			isa = PBXShellScriptBuildPhase;
			buildActionMask = 2147483647;
			files = (
			);
			inputPaths = (
			);
			name = "[CP] Copy Pods Resources";
			outputPaths = (
			);
			runOnlyForDeploymentPostprocessing = 0;
			shellPath = /bin/sh;
			shellScript = "\"${SRCROOT}/Pods/Target Support Files/Pods-ProjetoMaoAberta/Pods-ProjetoMaoAberta-resources.sh\"\n";
			showEnvVarsInLog = 0;
		};
		F969BE39F7D3CDF1E47767D4 /* [CP] Check Pods Manifest.lock */ = {
			isa = PBXShellScriptBuildPhase;
			buildActionMask = 2147483647;
			files = (
			);
			inputPaths = (
				"${PODS_PODFILE_DIR_PATH}/Podfile.lock",
				"${PODS_ROOT}/Manifest.lock",
			);
			name = "[CP] Check Pods Manifest.lock";
			outputPaths = (
				"$(DERIVED_FILE_DIR)/Pods-ProjetoMaoAberta-checkManifestLockResult.txt",
			);
			runOnlyForDeploymentPostprocessing = 0;
			shellPath = /bin/sh;
			shellScript = "diff \"${PODS_PODFILE_DIR_PATH}/Podfile.lock\" \"${PODS_ROOT}/Manifest.lock\" > /dev/null\nif [ $? != 0 ] ; then\n    # print error to STDERR\n    echo \"error: The sandbox is not in sync with the Podfile.lock. Run 'pod install' or update your CocoaPods installation.\" >&2\n    exit 1\nfi\n# This output is used by Xcode 'outputs' to avoid re-running this script phase.\necho \"SUCCESS\" > \"${SCRIPT_OUTPUT_FILE_0}\"\n";
			showEnvVarsInLog = 0;
		};
/* End PBXShellScriptBuildPhase section */

/* Begin PBXSourcesBuildPhase section */
		E0B309521F41C2D400666BF4 /* Sources */ = {
			isa = PBXSourcesBuildPhase;
			buildActionMask = 2147483647;
			files = (
				1125C2A81F50864A003AF453 /* ForgotPasswordViewController.swift in Sources */,
				1126B9551F4C76E900962477 /* CompanyProfileViewController.swift in Sources */,
				119A63521F4B20CA00BE8E32 /* RegisterCompanyViewController.swift in Sources */,
				119A63491F4B1B1900BE8E32 /* LoginClientViewController.swift in Sources */,
				113A75EC1F599DA100FD9756 /* Advertising.swift in Sources */,
				E002ADF41F66162A002CEE34 /* CompanyViewController.swift in Sources */,
				E06C80311F662482002C9E96 /* MyAdvertisingLisTableViewController.swift in Sources */,
				11A676381F5069F500C2DBDF /* AboutViewController.swift in Sources */,
				E002ADF71F661788002CEE34 /* AdvertisingViewController.swift in Sources */,
				1138FA501F559E1100536740 /* CompaniesListTableViewController.swift in Sources */,
				11170CD01F41E06B008A3F50 /* MainLoginViewController.swift in Sources */,
				119A63471F4B0FA300BE8E32 /* RegisterClientViewController.swift in Sources */,
				E0A7461B1F4A544700FBC21A /* AppUtils.swift in Sources */,
				113A75E91F57245B00FD9756 /* CompaniesListTableViewCell.swift in Sources */,
				E06C80351F6624B9002C9E96 /* MyAdvertisingViewController.swift in Sources */,
				11FE556A1F6836520089ADE6 /* InitialViewController.swift in Sources */,
				11EDE8CF1F4C5DC7007020F3 /* ClientProfileViewController.swift in Sources */,
				E002ADF91F6617C9002CEE34 /* AdvertisingListTableViewCell.swift in Sources */,
				1182098B1F544756005116CE /* NewAdvertisingViewController.swift in Sources */,
				119A634B1F4B1B4000BE8E32 /* LoginCompanyViewController.swift in Sources */,
				11A676331F5066B700C2DBDF /* CompanyTabbarViewController.swift in Sources */,
				11A676311F5066A200C2DBDF /* ClientTabbarViewController.swift in Sources */,
				E06C80331F6624A8002C9E96 /* MyAdvertisingListTableViewCell.swift in Sources */,
				119A63501F4B1D0E00BE8E32 /* Company.swift in Sources */,
				E0B3095A1F41C2D400666BF4 /* AppDelegate.swift in Sources */,
				119A634E1F4B1BF600BE8E32 /* Client.swift in Sources */,
				E002ADFB1F6617F6002CEE34 /* AdvertisingListTableViewController.swift in Sources */,
				11170CD61F41E7A9008A3F50 /* Constants.swift in Sources */,
			);
			runOnlyForDeploymentPostprocessing = 0;
		};
/* End PBXSourcesBuildPhase section */

/* Begin PBXVariantGroup section */
		E0B309621F41C2D400666BF4 /* LaunchScreen.storyboard */ = {
			isa = PBXVariantGroup;
			children = (
				E0B309631F41C2D400666BF4 /* Base */,
			);
			name = LaunchScreen.storyboard;
			sourceTree = "<group>";
		};
/* End PBXVariantGroup section */

/* Begin XCBuildConfiguration section */
		E0B309661F41C2D400666BF4 /* Debug */ = {
			isa = XCBuildConfiguration;
			buildSettings = {
				ALWAYS_SEARCH_USER_PATHS = NO;
				CLANG_ANALYZER_NONNULL = YES;
				CLANG_ANALYZER_NUMBER_OBJECT_CONVERSION = YES_AGGRESSIVE;
				CLANG_CXX_LANGUAGE_STANDARD = "gnu++0x";
				CLANG_CXX_LIBRARY = "libc++";
				CLANG_ENABLE_MODULES = YES;
				CLANG_ENABLE_OBJC_ARC = YES;
				CLANG_WARN_BOOL_CONVERSION = YES;
				CLANG_WARN_CONSTANT_CONVERSION = YES;
				CLANG_WARN_DIRECT_OBJC_ISA_USAGE = YES_ERROR;
				CLANG_WARN_DOCUMENTATION_COMMENTS = YES;
				CLANG_WARN_EMPTY_BODY = YES;
				CLANG_WARN_ENUM_CONVERSION = YES;
				CLANG_WARN_INFINITE_RECURSION = YES;
				CLANG_WARN_INT_CONVERSION = YES;
				CLANG_WARN_OBJC_ROOT_CLASS = YES_ERROR;
				CLANG_WARN_SUSPICIOUS_MOVE = YES;
				CLANG_WARN_UNREACHABLE_CODE = YES;
				CLANG_WARN__DUPLICATE_METHOD_MATCH = YES;
				"CODE_SIGN_IDENTITY[sdk=iphoneos*]" = "iPhone Developer";
				COPY_PHASE_STRIP = NO;
				DEBUG_INFORMATION_FORMAT = dwarf;
				ENABLE_STRICT_OBJC_MSGSEND = YES;
				ENABLE_TESTABILITY = YES;
				GCC_C_LANGUAGE_STANDARD = gnu99;
				GCC_DYNAMIC_NO_PIC = NO;
				GCC_NO_COMMON_BLOCKS = YES;
				GCC_OPTIMIZATION_LEVEL = 0;
				GCC_PREPROCESSOR_DEFINITIONS = (
					"DEBUG=1",
					"$(inherited)",
				);
				GCC_WARN_64_TO_32_BIT_CONVERSION = YES;
				GCC_WARN_ABOUT_RETURN_TYPE = YES_ERROR;
				GCC_WARN_UNDECLARED_SELECTOR = YES;
				GCC_WARN_UNINITIALIZED_AUTOS = YES_AGGRESSIVE;
				GCC_WARN_UNUSED_FUNCTION = YES;
				GCC_WARN_UNUSED_VARIABLE = YES;
				IPHONEOS_DEPLOYMENT_TARGET = 10.3;
				MTL_ENABLE_DEBUG_INFO = YES;
				ONLY_ACTIVE_ARCH = YES;
				SDKROOT = iphoneos;
				SWIFT_ACTIVE_COMPILATION_CONDITIONS = DEBUG;
				SWIFT_OPTIMIZATION_LEVEL = "-Onone";
				TARGETED_DEVICE_FAMILY = "1,2";
			};
			name = Debug;
		};
		E0B309671F41C2D400666BF4 /* Release */ = {
			isa = XCBuildConfiguration;
			buildSettings = {
				ALWAYS_SEARCH_USER_PATHS = NO;
				CLANG_ANALYZER_NONNULL = YES;
				CLANG_ANALYZER_NUMBER_OBJECT_CONVERSION = YES_AGGRESSIVE;
				CLANG_CXX_LANGUAGE_STANDARD = "gnu++0x";
				CLANG_CXX_LIBRARY = "libc++";
				CLANG_ENABLE_MODULES = YES;
				CLANG_ENABLE_OBJC_ARC = YES;
				CLANG_WARN_BOOL_CONVERSION = YES;
				CLANG_WARN_CONSTANT_CONVERSION = YES;
				CLANG_WARN_DIRECT_OBJC_ISA_USAGE = YES_ERROR;
				CLANG_WARN_DOCUMENTATION_COMMENTS = YES;
				CLANG_WARN_EMPTY_BODY = YES;
				CLANG_WARN_ENUM_CONVERSION = YES;
				CLANG_WARN_INFINITE_RECURSION = YES;
				CLANG_WARN_INT_CONVERSION = YES;
				CLANG_WARN_OBJC_ROOT_CLASS = YES_ERROR;
				CLANG_WARN_SUSPICIOUS_MOVE = YES;
				CLANG_WARN_UNREACHABLE_CODE = YES;
				CLANG_WARN__DUPLICATE_METHOD_MATCH = YES;
				"CODE_SIGN_IDENTITY[sdk=iphoneos*]" = "iPhone Developer";
				COPY_PHASE_STRIP = NO;
				DEBUG_INFORMATION_FORMAT = "dwarf-with-dsym";
				ENABLE_NS_ASSERTIONS = NO;
				ENABLE_STRICT_OBJC_MSGSEND = YES;
				GCC_C_LANGUAGE_STANDARD = gnu99;
				GCC_NO_COMMON_BLOCKS = YES;
				GCC_WARN_64_TO_32_BIT_CONVERSION = YES;
				GCC_WARN_ABOUT_RETURN_TYPE = YES_ERROR;
				GCC_WARN_UNDECLARED_SELECTOR = YES;
				GCC_WARN_UNINITIALIZED_AUTOS = YES_AGGRESSIVE;
				GCC_WARN_UNUSED_FUNCTION = YES;
				GCC_WARN_UNUSED_VARIABLE = YES;
				IPHONEOS_DEPLOYMENT_TARGET = 10.3;
				MTL_ENABLE_DEBUG_INFO = NO;
				SDKROOT = iphoneos;
				SWIFT_OPTIMIZATION_LEVEL = "-Owholemodule";
				TARGETED_DEVICE_FAMILY = "1,2";
				VALIDATE_PRODUCT = YES;
			};
			name = Release;
		};
		E0B309691F41C2D400666BF4 /* Debug */ = {
			isa = XCBuildConfiguration;
			baseConfigurationReference = 7B4374DE0367C1AC5F3C72FA /* Pods-ProjetoMaoAberta.debug.xcconfig */;
			buildSettings = {
				ASSETCATALOG_COMPILER_APPICON_NAME = AppIcon;
				"CODE_SIGN_IDENTITY[sdk=iphoneos*]" = "iPhone Developer";
				DEVELOPMENT_TEAM = W5849F638E;
				INFOPLIST_FILE = ProjetoMaoAberta/Info.plist;
				LD_RUNPATH_SEARCH_PATHS = "$(inherited) @executable_path/Frameworks";
				PRODUCT_BUNDLE_IDENTIFIER = com.danieloliveira.ProjetoMaoAberta;
				PRODUCT_NAME = "$(TARGET_NAME)";
				PROVISIONING_PROFILE_SPECIFIER = "";
				SWIFT_VERSION = 3.0;
				TARGETED_DEVICE_FAMILY = 1;
			};
			name = Debug;
		};
		E0B3096A1F41C2D400666BF4 /* Release */ = {
			isa = XCBuildConfiguration;
			baseConfigurationReference = 51791B63F88F98CDE0D7B79C /* Pods-ProjetoMaoAberta.release.xcconfig */;
			buildSettings = {
				ASSETCATALOG_COMPILER_APPICON_NAME = AppIcon;
				"CODE_SIGN_IDENTITY[sdk=iphoneos*]" = "iPhone Developer";
				DEVELOPMENT_TEAM = W5849F638E;
				INFOPLIST_FILE = ProjetoMaoAberta/Info.plist;
				LD_RUNPATH_SEARCH_PATHS = "$(inherited) @executable_path/Frameworks";
				PRODUCT_BUNDLE_IDENTIFIER = com.danieloliveira.ProjetoMaoAberta;
				PRODUCT_NAME = "$(TARGET_NAME)";
				PROVISIONING_PROFILE_SPECIFIER = "";
				SWIFT_VERSION = 3.0;
				TARGETED_DEVICE_FAMILY = 1;
			};
			name = Release;
		};
/* End XCBuildConfiguration section */

/* Begin XCConfigurationList section */
		E0B309511F41C2D400666BF4 /* Build configuration list for PBXProject "ProjetoMaoAberta" */ = {
			isa = XCConfigurationList;
			buildConfigurations = (
				E0B309661F41C2D400666BF4 /* Debug */,
				E0B309671F41C2D400666BF4 /* Release */,
			);
			defaultConfigurationIsVisible = 0;
			defaultConfigurationName = Release;
		};
		E0B309681F41C2D400666BF4 /* Build configuration list for PBXNativeTarget "ProjetoMaoAberta" */ = {
			isa = XCConfigurationList;
			buildConfigurations = (
				E0B309691F41C2D400666BF4 /* Debug */,
				E0B3096A1F41C2D400666BF4 /* Release */,
			);
			defaultConfigurationIsVisible = 0;
			defaultConfigurationName = Release;
		};
/* End XCConfigurationList section */
	};
	rootObject = E0B3094E1F41C2D400666BF4 /* Project object */;
}
